{
  "originHash" : "af1feb0de072b231f4e993996c9faf2091a5f6d56153324e5ab5ff3c2265000d",
  "pins" : [
    {
      "identity" : "macrosforstroblmocks",
      "kind" : "remoteSourceControl",
      "location" : "https://github.com/gstrobl17/MacrosForStroblMocks",
      "state" : {
        "revision" : "bbd8e076e77f1b868b36e16b54a6dad5a3ac8b6c",
        "version" : "1.0.0"
      }
    },
    {
      "identity" : "swift-syntax",
      "kind" : "remoteSourceControl",
      "location" : "https://github.com/apple/swift-syntax.git",
      "state" : {
        "revision" : "64889f0c732f210a935a0ad7cda38f77f876262d",
        "version" : "509.1.1"
      }
    },
    {
      "identity" : "swiftlintplugins",
      "kind" : "remoteSourceControl",
      "location" : "https://github.com/SimplyDanny/SwiftLintPlugins",
      "state" : {
        "revision" : "b8431a26655378581890d56b95a0b59aba9f62da",
        "version" : "0.55.1"
      }
    }
  ],
  "version" : 3
}
