{
  "originHash" : "af1feb0de072b231f4e993996c9faf2091a5f6d56153324e5ab5ff3c2265000d",
  "pins" : [
    {
      "identity" : "macrosforstroblmocks",
      "kind" : "remoteSourceControl",
      "location" : "https://github.com/gstrobl17/MacrosForStroblMocks",
      "state" : {
        "revision" : "d21f53db857102b89ff989ed1e1faeceb8cf72bc",
        "version" : "1.0.1"
      }
    },
    {
      "identity" : "swift-syntax",
      "kind" : "remoteSourceControl",
      "location" : "https://github.com/apple/swift-syntax.git",
      "state" : {
        "revision" : "64889f0c732f210a935a0ad7cda38f77f876262d",
        "version" : "509.1.1"
      }
    }
  ],
  "version" : 3
}
