// !$*UTF8*$!
{
	archiveVersion = 1;
	classes = {
	};
	objectVersion = 56;
	objects = {

/* Begin PBXBuildFile section */
		6429FF532A0154CD00E7E5B5 /* AppDelegate.swift in Sources */ = {isa = PBXBuildFile; fileRef = 6429FF522A0154CD00E7E5B5 /* AppDelegate.swift */; };
		6429FF552A0154CD00E7E5B5 /* SceneDelegate.swift in Sources */ = {isa = PBXBuildFile; fileRef = 6429FF542A0154CD00E7E5B5 /* SceneDelegate.swift */; };
		6429FF572A0154CD00E7E5B5 /* ViewController.swift in Sources */ = {isa = PBXBuildFile; fileRef = 6429FF562A0154CD00E7E5B5 /* ViewController.swift */; };
		6429FF5A2A0154CD00E7E5B5 /* Main.storyboard in Resources */ = {isa = PBXBuildFile; fileRef = 6429FF582A0154CD00E7E5B5 /* Main.storyboard */; };
		6429FF5C2A0154CD00E7E5B5 /* Assets.xcassets in Resources */ = {isa = PBXBuildFile; fileRef = 6429FF5B2A0154CD00E7E5B5 /* Assets.xcassets */; };
		6429FF5F2A0154CD00E7E5B5 /* LaunchScreen.storyboard in Resources */ = {isa = PBXBuildFile; fileRef = 6429FF5D2A0154CD00E7E5B5 /* LaunchScreen.storyboard */; };
		6429FF6A2A0154CE00E7E5B5 /* Mocker_Demonstration_AppTests.swift in Sources */ = {isa = PBXBuildFile; fileRef = 6429FF692A0154CE00E7E5B5 /* Mocker_Demonstration_AppTests.swift */; };
		6429FF742A0154CE00E7E5B5 /* Mocker_Demonstration_AppUITests.swift in Sources */ = {isa = PBXBuildFile; fileRef = 6429FF732A0154CE00E7E5B5 /* Mocker_Demonstration_AppUITests.swift */; };
		6429FF762A0154CE00E7E5B5 /* Mocker_Demonstration_AppUITestsLaunchTests.swift in Sources */ = {isa = PBXBuildFile; fileRef = 6429FF752A0154CE00E7E5B5 /* Mocker_Demonstration_AppUITestsLaunchTests.swift */; };
/* End PBXBuildFile section */

/* Begin PBXContainerItemProxy section */
		6429FF662A0154CE00E7E5B5 /* PBXContainerItemProxy */ = {
			isa = PBXContainerItemProxy;
			containerPortal = 6429FF472A0154CD00E7E5B5 /* Project object */;
			proxyType = 1;
			remoteGlobalIDString = 6429FF4E2A0154CD00E7E5B5;
			remoteInfo = "Mocker Demonstration App";
		};
		6429FF702A0154CE00E7E5B5 /* PBXContainerItemProxy */ = {
			isa = PBXContainerItemProxy;
			containerPortal = 6429FF472A0154CD00E7E5B5 /* Project object */;
			proxyType = 1;
			remoteGlobalIDString = 6429FF4E2A0154CD00E7E5B5;
			remoteInfo = "Mocker Demonstration App";
		};
/* End PBXContainerItemProxy section */

/* Begin PBXFileReference section */
		6429FF4F2A0154CD00E7E5B5 /* Mocker Demonstration App.app */ = {isa = PBXFileReference; explicitFileType = wrapper.application; includeInIndex = 0; path = "Mocker Demonstration App.app"; sourceTree = BUILT_PRODUCTS_DIR; };
		6429FF522A0154CD00E7E5B5 /* AppDelegate.swift */ = {isa = PBXFileReference; lastKnownFileType = sourcecode.swift; path = AppDelegate.swift; sourceTree = "<group>"; };
		6429FF542A0154CD00E7E5B5 /* SceneDelegate.swift */ = {isa = PBXFileReference; lastKnownFileType = sourcecode.swift; path = SceneDelegate.swift; sourceTree = "<group>"; };
		6429FF562A0154CD00E7E5B5 /* ViewController.swift */ = {isa = PBXFileReference; lastKnownFileType = sourcecode.swift; path = ViewController.swift; sourceTree = "<group>"; };
		6429FF592A0154CD00E7E5B5 /* Base */ = {isa = PBXFileReference; lastKnownFileType = file.storyboard; name = Base; path = Base.lproj/Main.storyboard; sourceTree = "<group>"; };
		6429FF5B2A0154CD00E7E5B5 /* Assets.xcassets */ = {isa = PBXFileReference; lastKnownFileType = folder.assetcatalog; path = Assets.xcassets; sourceTree = "<group>"; };
		6429FF5E2A0154CD00E7E5B5 /* Base */ = {isa = PBXFileReference; lastKnownFileType = file.storyboard; name = Base; path = Base.lproj/LaunchScreen.storyboard; sourceTree = "<group>"; };
		6429FF602A0154CD00E7E5B5 /* Info.plist */ = {isa = PBXFileReference; lastKnownFileType = text.plist.xml; path = Info.plist; sourceTree = "<group>"; };
		6429FF652A0154CE00E7E5B5 /* Mocker Demonstration AppTests.xctest */ = {isa = PBXFileReference; explicitFileType = wrapper.cfbundle; includeInIndex = 0; path = "Mocker Demonstration AppTests.xctest"; sourceTree = BUILT_PRODUCTS_DIR; };
		6429FF692A0154CE00E7E5B5 /* Mocker_Demonstration_AppTests.swift */ = {isa = PBXFileReference; lastKnownFileType = sourcecode.swift; path = Mocker_Demonstration_AppTests.swift; sourceTree = "<group>"; };
		6429FF6F2A0154CE00E7E5B5 /* Mocker Demonstration AppUITests.xctest */ = {isa = PBXFileReference; explicitFileType = wrapper.cfbundle; includeInIndex = 0; path = "Mocker Demonstration AppUITests.xctest"; sourceTree = BUILT_PRODUCTS_DIR; };
		6429FF732A0154CE00E7E5B5 /* Mocker_Demonstration_AppUITests.swift */ = {isa = PBXFileReference; lastKnownFileType = sourcecode.swift; path = Mocker_Demonstration_AppUITests.swift; sourceTree = "<group>"; };
		6429FF752A0154CE00E7E5B5 /* Mocker_Demonstration_AppUITestsLaunchTests.swift */ = {isa = PBXFileReference; lastKnownFileType = sourcecode.swift; path = Mocker_Demonstration_AppUITestsLaunchTests.swift; sourceTree = "<group>"; };
/* End PBXFileReference section */

/* Begin PBXFrameworksBuildPhase section */
		6429FF4C2A0154CD00E7E5B5 /* Frameworks */ = {
			isa = PBXFrameworksBuildPhase;
			buildActionMask = 2147483647;
			files = (
			);
			runOnlyForDeploymentPostprocessing = 0;
		};
		6429FF622A0154CE00E7E5B5 /* Frameworks */ = {
			isa = PBXFrameworksBuildPhase;
			buildActionMask = 2147483647;
			files = (
			);
			runOnlyForDeploymentPostprocessing = 0;
		};
		6429FF6C2A0154CE00E7E5B5 /* Frameworks */ = {
			isa = PBXFrameworksBuildPhase;
			buildActionMask = 2147483647;
			files = (
			);
			runOnlyForDeploymentPostprocessing = 0;
		};
/* End PBXFrameworksBuildPhase section */

/* Begin PBXGroup section */
		6429FF462A0154CD00E7E5B5 = {
			isa = PBXGroup;
			children = (
				6429FF512A0154CD00E7E5B5 /* Mocker Demonstration App */,
				6429FF682A0154CE00E7E5B5 /* Mocker Demonstration AppTests */,
				6429FF722A0154CE00E7E5B5 /* Mocker Demonstration AppUITests */,
				6429FF502A0154CD00E7E5B5 /* Products */,
			);
			sourceTree = "<group>";
		};
		6429FF502A0154CD00E7E5B5 /* Products */ = {
			isa = PBXGroup;
			children = (
				6429FF4F2A0154CD00E7E5B5 /* Mocker Demonstration App.app */,
				6429FF652A0154CE00E7E5B5 /* Mocker Demonstration AppTests.xctest */,
				6429FF6F2A0154CE00E7E5B5 /* Mocker Demonstration AppUITests.xctest */,
			);
			name = Products;
			sourceTree = "<group>";
		};
		6429FF512A0154CD00E7E5B5 /* Mocker Demonstration App */ = {
			isa = PBXGroup;
			children = (
				6429FF522A0154CD00E7E5B5 /* AppDelegate.swift */,
				6429FF542A0154CD00E7E5B5 /* SceneDelegate.swift */,
				6429FF562A0154CD00E7E5B5 /* ViewController.swift */,
				6429FF582A0154CD00E7E5B5 /* Main.storyboard */,
				6429FF5B2A0154CD00E7E5B5 /* Assets.xcassets */,
				6429FF5D2A0154CD00E7E5B5 /* LaunchScreen.storyboard */,
				6429FF602A0154CD00E7E5B5 /* Info.plist */,
			);
			path = "Mocker Demonstration App";
			sourceTree = "<group>";
		};
		6429FF682A0154CE00E7E5B5 /* Mocker Demonstration AppTests */ = {
			isa = PBXGroup;
			children = (
				6429FF692A0154CE00E7E5B5 /* Mocker_Demonstration_AppTests.swift */,
			);
			path = "Mocker Demonstration AppTests";
			sourceTree = "<group>";
		};
		6429FF722A0154CE00E7E5B5 /* Mocker Demonstration AppUITests */ = {
			isa = PBXGroup;
			children = (
				6429FF732A0154CE00E7E5B5 /* Mocker_Demonstration_AppUITests.swift */,
				6429FF752A0154CE00E7E5B5 /* Mocker_Demonstration_AppUITestsLaunchTests.swift */,
			);
			path = "Mocker Demonstration AppUITests";
			sourceTree = "<group>";
		};
/* End PBXGroup section */

/* Begin PBXNativeTarget section */
		6429FF4E2A0154CD00E7E5B5 /* Mocker Demonstration App */ = {
			isa = PBXNativeTarget;
			buildConfigurationList = 6429FF792A0154CE00E7E5B5 /* Build configuration list for PBXNativeTarget "Mocker Demonstration App" */;
			buildPhases = (
				6429FF4B2A0154CD00E7E5B5 /* Sources */,
				6429FF4C2A0154CD00E7E5B5 /* Frameworks */,
				6429FF4D2A0154CD00E7E5B5 /* Resources */,
			);
			buildRules = (
			);
			dependencies = (
			);
			name = "Mocker Demonstration App";
			productName = "Mocker Demonstration App";
			productReference = 6429FF4F2A0154CD00E7E5B5 /* Mocker Demonstration App.app */;
			productType = "com.apple.product-type.application";
		};
		6429FF642A0154CE00E7E5B5 /* Mocker Demonstration AppTests */ = {
			isa = PBXNativeTarget;
			buildConfigurationList = 6429FF7C2A0154CE00E7E5B5 /* Build configuration list for PBXNativeTarget "Mocker Demonstration AppTests" */;
			buildPhases = (
				6429FF612A0154CE00E7E5B5 /* Sources */,
				6429FF622A0154CE00E7E5B5 /* Frameworks */,
				6429FF632A0154CE00E7E5B5 /* Resources */,
			);
			buildRules = (
			);
			dependencies = (
				6429FF672A0154CE00E7E5B5 /* PBXTargetDependency */,
			);
			name = "Mocker Demonstration AppTests";
			productName = "Mocker Demonstration AppTests";
			productReference = 6429FF652A0154CE00E7E5B5 /* Mocker Demonstration AppTests.xctest */;
			productType = "com.apple.product-type.bundle.unit-test";
		};
		6429FF6E2A0154CE00E7E5B5 /* Mocker Demonstration AppUITests */ = {
			isa = PBXNativeTarget;
			buildConfigurationList = 6429FF7F2A0154CE00E7E5B5 /* Build configuration list for PBXNativeTarget "Mocker Demonstration AppUITests" */;
			buildPhases = (
				6429FF6B2A0154CE00E7E5B5 /* Sources */,
				6429FF6C2A0154CE00E7E5B5 /* Frameworks */,
				6429FF6D2A0154CE00E7E5B5 /* Resources */,
			);
			buildRules = (
			);
			dependencies = (
				6429FF712A0154CE00E7E5B5 /* PBXTargetDependency */,
			);
			name = "Mocker Demonstration AppUITests";
			productName = "Mocker Demonstration AppUITests";
			productReference = 6429FF6F2A0154CE00E7E5B5 /* Mocker Demonstration AppUITests.xctest */;
			productType = "com.apple.product-type.bundle.ui-testing";
		};
/* End PBXNativeTarget section */

/* Begin PBXProject section */
		6429FF472A0154CD00E7E5B5 /* Project object */ = {
			isa = PBXProject;
			attributes = {
				BuildIndependentTargetsInParallel = 1;
				LastSwiftUpdateCheck = 1420;
				LastUpgradeCheck = 1420;
				TargetAttributes = {
					6429FF4E2A0154CD00E7E5B5 = {
						CreatedOnToolsVersion = 14.2;
					};
					6429FF642A0154CE00E7E5B5 = {
						CreatedOnToolsVersion = 14.2;
						TestTargetID = 6429FF4E2A0154CD00E7E5B5;
					};
					6429FF6E2A0154CE00E7E5B5 = {
						CreatedOnToolsVersion = 14.2;
						TestTargetID = 6429FF4E2A0154CD00E7E5B5;
					};
				};
			};
			buildConfigurationList = 6429FF4A2A0154CD00E7E5B5 /* Build configuration list for PBXProject "Mocker Demonstration App" */;
			compatibilityVersion = "Xcode 14.0";
			developmentRegion = en;
			hasScannedForEncodings = 0;
			knownRegions = (
				en,
				Base,
			);
			mainGroup = 6429FF462A0154CD00E7E5B5;
			productRefGroup = 6429FF502A0154CD00E7E5B5 /* Products */;
			projectDirPath = "";
			projectRoot = "";
			targets = (
				6429FF4E2A0154CD00E7E5B5 /* Mocker Demonstration App */,
				6429FF642A0154CE00E7E5B5 /* Mocker Demonstration AppTests */,
				6429FF6E2A0154CE00E7E5B5 /* Mocker Demonstration AppUITests */,
			);
		};
/* End PBXProject section */

/* Begin PBXResourcesBuildPhase section */
		6429FF4D2A0154CD00E7E5B5 /* Resources */ = {
			isa = PBXResourcesBuildPhase;
			buildActionMask = 2147483647;
			files = (
				6429FF5F2A0154CD00E7E5B5 /* LaunchScreen.storyboard in Resources */,
				6429FF5C2A0154CD00E7E5B5 /* Assets.xcassets in Resources */,
				6429FF5A2A0154CD00E7E5B5 /* Main.storyboard in Resources */,
			);
			runOnlyForDeploymentPostprocessing = 0;
		};
		6429FF632A0154CE00E7E5B5 /* Resources */ = {
			isa = PBXResourcesBuildPhase;
			buildActionMask = 2147483647;
			files = (
			);
			runOnlyForDeploymentPostprocessing = 0;
		};
		6429FF6D2A0154CE00E7E5B5 /* Resources */ = {
			isa = PBXResourcesBuildPhase;
			buildActionMask = 2147483647;
			files = (
			);
			runOnlyForDeploymentPostprocessing = 0;
		};
/* End PBXResourcesBuildPhase section */

/* Begin PBXSourcesBuildPhase section */
		6429FF4B2A0154CD00E7E5B5 /* Sources */ = {
			isa = PBXSourcesBuildPhase;
			buildActionMask = 2147483647;
			files = (
				6429FF572A0154CD00E7E5B5 /* ViewController.swift in Sources */,
				6429FF532A0154CD00E7E5B5 /* AppDelegate.swift in Sources */,
				6429FF552A0154CD00E7E5B5 /* SceneDelegate.swift in Sources */,
			);
			runOnlyForDeploymentPostprocessing = 0;
		};
		6429FF612A0154CE00E7E5B5 /* Sources */ = {
			isa = PBXSourcesBuildPhase;
			buildActionMask = 2147483647;
			files = (
				6429FF6A2A0154CE00E7E5B5 /* Mocker_Demonstration_AppTests.swift in Sources */,
			);
			runOnlyForDeploymentPostprocessing = 0;
		};
		6429FF6B2A0154CE00E7E5B5 /* Sources */ = {
			isa = PBXSourcesBuildPhase;
			buildActionMask = 2147483647;
			files = (
				6429FF742A0154CE00E7E5B5 /* Mocker_Demonstration_AppUITests.swift in Sources */,
				6429FF762A0154CE00E7E5B5 /* Mocker_Demonstration_AppUITestsLaunchTests.swift in Sources */,
			);
			runOnlyForDeploymentPostprocessing = 0;
		};
/* End PBXSourcesBuildPhase section */

/* Begin PBXTargetDependency section */
		6429FF672A0154CE00E7E5B5 /* PBXTargetDependency */ = {
			isa = PBXTargetDependency;
			target = 6429FF4E2A0154CD00E7E5B5 /* Mocker Demonstration App */;
			targetProxy = 6429FF662A0154CE00E7E5B5 /* PBXContainerItemProxy */;
		};
		6429FF712A0154CE00E7E5B5 /* PBXTargetDependency */ = {
			isa = PBXTargetDependency;
			target = 6429FF4E2A0154CD00E7E5B5 /* Mocker Demonstration App */;
			targetProxy = 6429FF702A0154CE00E7E5B5 /* PBXContainerItemProxy */;
		};
/* End PBXTargetDependency section */

/* Begin PBXVariantGroup section */
		6429FF582A0154CD00E7E5B5 /* Main.storyboard */ = {
			isa = PBXVariantGroup;
			children = (
				6429FF592A0154CD00E7E5B5 /* Base */,
			);
			name = Main.storyboard;
			sourceTree = "<group>";
		};
		6429FF5D2A0154CD00E7E5B5 /* LaunchScreen.storyboard */ = {
			isa = PBXVariantGroup;
			children = (
				6429FF5E2A0154CD00E7E5B5 /* Base */,
			);
			name = LaunchScreen.storyboard;
			sourceTree = "<group>";
		};
/* End PBXVariantGroup section */

/* Begin XCBuildConfiguration section */
		6429FF772A0154CE00E7E5B5 /* Debug */ = {
			isa = XCBuildConfiguration;
			buildSettings = {
				ALWAYS_SEARCH_USER_PATHS = NO;
				CLANG_ANALYZER_NONNULL = YES;
				CLANG_ANALYZER_NUMBER_OBJECT_CONVERSION = YES_AGGRESSIVE;
				CLANG_CXX_LANGUAGE_STANDARD = "gnu++20";
				CLANG_ENABLE_MODULES = YES;
				CLANG_ENABLE_OBJC_ARC = YES;
				CLANG_ENABLE_OBJC_WEAK = YES;
				CLANG_WARN_BLOCK_CAPTURE_AUTORELEASING = YES;
				CLANG_WARN_BOOL_CONVERSION = YES;
				CLANG_WARN_COMMA = YES;
				CLANG_WARN_CONSTANT_CONVERSION = YES;
				CLANG_WARN_DEPRECATED_OBJC_IMPLEMENTATIONS = YES;
				CLANG_WARN_DIRECT_OBJC_ISA_USAGE = YES_ERROR;
				CLANG_WARN_DOCUMENTATION_COMMENTS = YES;
				CLANG_WARN_EMPTY_BODY = YES;
				CLANG_WARN_ENUM_CONVERSION = YES;
				CLANG_WARN_INFINITE_RECURSION = YES;
				CLANG_WARN_INT_CONVERSION = YES;
				CLANG_WARN_NON_LITERAL_NULL_CONVERSION = YES;
				CLANG_WARN_OBJC_IMPLICIT_RETAIN_SELF = YES;
				CLANG_WARN_OBJC_LITERAL_CONVERSION = YES;
				CLANG_WARN_OBJC_ROOT_CLASS = YES_ERROR;
				CLANG_WARN_QUOTED_INCLUDE_IN_FRAMEWORK_HEADER = YES;
				CLANG_WARN_RANGE_LOOP_ANALYSIS = YES;
				CLANG_WARN_STRICT_PROTOTYPES = YES;
				CLANG_WARN_SUSPICIOUS_MOVE = YES;
				CLANG_WARN_UNGUARDED_AVAILABILITY = YES_AGGRESSIVE;
				CLANG_WARN_UNREACHABLE_CODE = YES;
				CLANG_WARN__DUPLICATE_METHOD_MATCH = YES;
				COPY_PHASE_STRIP = NO;
				DEBUG_INFORMATION_FORMAT = dwarf;
				ENABLE_STRICT_OBJC_MSGSEND = YES;
				ENABLE_TESTABILITY = YES;
				GCC_C_LANGUAGE_STANDARD = gnu11;
				GCC_DYNAMIC_NO_PIC = NO;
				GCC_NO_COMMON_BLOCKS = YES;
				GCC_OPTIMIZATION_LEVEL = 0;
				GCC_PREPROCESSOR_DEFINITIONS = (
					"DEBUG=1",
					"$(inherited)",
				);
				GCC_WARN_64_TO_32_BIT_CONVERSION = YES;
				GCC_WARN_ABOUT_RETURN_TYPE = YES_ERROR;
				GCC_WARN_UNDECLARED_SELECTOR = YES;
				GCC_WARN_UNINITIALIZED_AUTOS = YES_AGGRESSIVE;
				GCC_WARN_UNUSED_FUNCTION = YES;
				GCC_WARN_UNUSED_VARIABLE = YES;
				IPHONEOS_DEPLOYMENT_TARGET = 16.2;
				MTL_ENABLE_DEBUG_INFO = INCLUDE_SOURCE;
				MTL_FAST_MATH = YES;
				ONLY_ACTIVE_ARCH = YES;
				SDKROOT = iphoneos;
				SWIFT_ACTIVE_COMPILATION_CONDITIONS = DEBUG;
				SWIFT_OPTIMIZATION_LEVEL = "-Onone";
			};
			name = Debug;
		};
		6429FF782A0154CE00E7E5B5 /* Release */ = {
			isa = XCBuildConfiguration;
			buildSettings = {
				ALWAYS_SEARCH_USER_PATHS = NO;
				CLANG_ANALYZER_NONNULL = YES;
				CLANG_ANALYZER_NUMBER_OBJECT_CONVERSION = YES_AGGRESSIVE;
				CLANG_CXX_LANGUAGE_STANDARD = "gnu++20";
				CLANG_ENABLE_MODULES = YES;
				CLANG_ENABLE_OBJC_ARC = YES;
				CLANG_ENABLE_OBJC_WEAK = YES;
				CLANG_WARN_BLOCK_CAPTURE_AUTORELEASING = YES;
				CLANG_WARN_BOOL_CONVERSION = YES;
				CLANG_WARN_COMMA = YES;
				CLANG_WARN_CONSTANT_CONVERSION = YES;
				CLANG_WARN_DEPRECATED_OBJC_IMPLEMENTATIONS = YES;
				CLANG_WARN_DIRECT_OBJC_ISA_USAGE = YES_ERROR;
				CLANG_WARN_DOCUMENTATION_COMMENTS = YES;
				CLANG_WARN_EMPTY_BODY = YES;
				CLANG_WARN_ENUM_CONVERSION = YES;
				CLANG_WARN_INFINITE_RECURSION = YES;
				CLANG_WARN_INT_CONVERSION = YES;
				CLANG_WARN_NON_LITERAL_NULL_CONVERSION = YES;
				CLANG_WARN_OBJC_IMPLICIT_RETAIN_SELF = YES;
				CLANG_WARN_OBJC_LITERAL_CONVERSION = YES;
				CLANG_WARN_OBJC_ROOT_CLASS = YES_ERROR;
				CLANG_WARN_QUOTED_INCLUDE_IN_FRAMEWORK_HEADER = YES;
				CLANG_WARN_RANGE_LOOP_ANALYSIS = YES;
				CLANG_WARN_STRICT_PROTOTYPES = YES;
				CLANG_WARN_SUSPICIOUS_MOVE = YES;
				CLANG_WARN_UNGUARDED_AVAILABILITY = YES_AGGRESSIVE;
				CLANG_WARN_UNREACHABLE_CODE = YES;
				CLANG_WARN__DUPLICATE_METHOD_MATCH = YES;
				COPY_PHASE_STRIP = NO;
				DEBUG_INFORMATION_FORMAT = "dwarf-with-dsym";
				ENABLE_NS_ASSERTIONS = NO;
				ENABLE_STRICT_OBJC_MSGSEND = YES;
				GCC_C_LANGUAGE_STANDARD = gnu11;
				GCC_NO_COMMON_BLOCKS = YES;
				GCC_WARN_64_TO_32_BIT_CONVERSION = YES;
				GCC_WARN_ABOUT_RETURN_TYPE = YES_ERROR;
				GCC_WARN_UNDECLARED_SELECTOR = YES;
				GCC_WARN_UNINITIALIZED_AUTOS = YES_AGGRESSIVE;
				GCC_WARN_UNUSED_FUNCTION = YES;
				GCC_WARN_UNUSED_VARIABLE = YES;
				IPHONEOS_DEPLOYMENT_TARGET = 16.2;
				MTL_ENABLE_DEBUG_INFO = NO;
				MTL_FAST_MATH = YES;
				SDKROOT = iphoneos;
				SWIFT_COMPILATION_MODE = wholemodule;
				SWIFT_OPTIMIZATION_LEVEL = "-O";
				VALIDATE_PRODUCT = YES;
			};
			name = Release;
		};
		6429FF7A2A0154CE00E7E5B5 /* Debug */ = {
			isa = XCBuildConfiguration;
			buildSettings = {
				ASSETCATALOG_COMPILER_APPICON_NAME = AppIcon;
				ASSETCATALOG_COMPILER_GLOBAL_ACCENT_COLOR_NAME = AccentColor;
				CODE_SIGN_STYLE = Automatic;
				CURRENT_PROJECT_VERSION = 1;
				GENERATE_INFOPLIST_FILE = YES;
				INFOPLIST_FILE = "Mocker Demonstration App/Info.plist";
				INFOPLIST_KEY_UIApplicationSupportsIndirectInputEvents = YES;
				INFOPLIST_KEY_UILaunchStoryboardName = LaunchScreen;
				INFOPLIST_KEY_UIMainStoryboardFile = Main;
				INFOPLIST_KEY_UISupportedInterfaceOrientations_iPad = "UIInterfaceOrientationPortrait UIInterfaceOrientationPortraitUpsideDown UIInterfaceOrientationLandscapeLeft UIInterfaceOrientationLandscapeRight";
				INFOPLIST_KEY_UISupportedInterfaceOrientations_iPhone = "UIInterfaceOrientationPortrait UIInterfaceOrientationLandscapeLeft UIInterfaceOrientationLandscapeRight";
				LD_RUNPATH_SEARCH_PATHS = (
					"$(inherited)",
					"@executable_path/Frameworks",
				);
				MARKETING_VERSION = 1.0;
				PRODUCT_BUNDLE_IDENTIFIER = "com.mocker.Mocker-Demonstration-App";
				PRODUCT_NAME = "$(TARGET_NAME)";
				SWIFT_EMIT_LOC_STRINGS = YES;
				SWIFT_VERSION = 5.0;
				TARGETED_DEVICE_FAMILY = "1,2";
			};
			name = Debug;
		};
		6429FF7B2A0154CE00E7E5B5 /* Release */ = {
			isa = XCBuildConfiguration;
			buildSettings = {
				ASSETCATALOG_COMPILER_APPICON_NAME = AppIcon;
				ASSETCATALOG_COMPILER_GLOBAL_ACCENT_COLOR_NAME = AccentColor;
				CODE_SIGN_STYLE = Automatic;
				CURRENT_PROJECT_VERSION = 1;
				GENERATE_INFOPLIST_FILE = YES;
				INFOPLIST_FILE = "Mocker Demonstration App/Info.plist";
				INFOPLIST_KEY_UIApplicationSupportsIndirectInputEvents = YES;
				INFOPLIST_KEY_UILaunchStoryboardName = LaunchScreen;
				INFOPLIST_KEY_UIMainStoryboardFile = Main;
				INFOPLIST_KEY_UISupportedInterfaceOrientations_iPad = "UIInterfaceOrientationPortrait UIInterfaceOrientationPortraitUpsideDown UIInterfaceOrientationLandscapeLeft UIInterfaceOrientationLandscapeRight";
				INFOPLIST_KEY_UISupportedInterfaceOrientations_iPhone = "UIInterfaceOrientationPortrait UIInterfaceOrientationLandscapeLeft UIInterfaceOrientationLandscapeRight";
				LD_RUNPATH_SEARCH_PATHS = (
					"$(inherited)",
					"@executable_path/Frameworks",
				);
				MARKETING_VERSION = 1.0;
				PRODUCT_BUNDLE_IDENTIFIER = "com.mocker.Mocker-Demonstration-App";
				PRODUCT_NAME = "$(TARGET_NAME)";
				SWIFT_EMIT_LOC_STRINGS = YES;
				SWIFT_VERSION = 5.0;
				TARGETED_DEVICE_FAMILY = "1,2";
			};
			name = Release;
		};
		6429FF7D2A0154CE00E7E5B5 /* Debug */ = {
			isa = XCBuildConfiguration;
			buildSettings = {
				ALWAYS_EMBED_SWIFT_STANDARD_LIBRARIES = YES;
				BUNDLE_LOADER = "$(TEST_HOST)";
				CODE_SIGN_STYLE = Automatic;
				CURRENT_PROJECT_VERSION = 1;
				GENERATE_INFOPLIST_FILE = YES;
				IPHONEOS_DEPLOYMENT_TARGET = 16.2;
				MARKETING_VERSION = 1.0;
				PRODUCT_BUNDLE_IDENTIFIER = "com.mocker.Mocker-Demonstration-AppTests";
				PRODUCT_NAME = "$(TARGET_NAME)";
				SWIFT_EMIT_LOC_STRINGS = NO;
				SWIFT_VERSION = 5.0;
				TARGETED_DEVICE_FAMILY = "1,2";
				TEST_HOST = "$(BUILT_PRODUCTS_DIR)/Mocker Demonstration App.app/$(BUNDLE_EXECUTABLE_FOLDER_PATH)/Mocker Demonstration App";
			};
			name = Debug;
		};
		6429FF7E2A0154CE00E7E5B5 /* Release */ = {
			isa = XCBuildConfiguration;
			buildSettings = {
				ALWAYS_EMBED_SWIFT_STANDARD_LIBRARIES = YES;
				BUNDLE_LOADER = "$(TEST_HOST)";
				CODE_SIGN_STYLE = Automatic;
				CURRENT_PROJECT_VERSION = 1;
				GENERATE_INFOPLIST_FILE = YES;
				IPHONEOS_DEPLOYMENT_TARGET = 16.2;
				MARKETING_VERSION = 1.0;
				PRODUCT_BUNDLE_IDENTIFIER = "com.mocker.Mocker-Demonstration-AppTests";
				PRODUCT_NAME = "$(TARGET_NAME)";
				SWIFT_EMIT_LOC_STRINGS = NO;
				SWIFT_VERSION = 5.0;
				TARGETED_DEVICE_FAMILY = "1,2";
				TEST_HOST = "$(BUILT_PRODUCTS_DIR)/Mocker Demonstration App.app/$(BUNDLE_EXECUTABLE_FOLDER_PATH)/Mocker Demonstration App";
			};
			name = Release;
		};
		6429FF802A0154CE00E7E5B5 /* Debug */ = {
			isa = XCBuildConfiguration;
			buildSettings = {
				ALWAYS_EMBED_SWIFT_STANDARD_LIBRARIES = YES;
				CODE_SIGN_STYLE = Automatic;
				CURRENT_PROJECT_VERSION = 1;
				GENERATE_INFOPLIST_FILE = YES;
				MARKETING_VERSION = 1.0;
				PRODUCT_BUNDLE_IDENTIFIER = "com.mocker.Mocker-Demonstration-AppUITests";
				PRODUCT_NAME = "$(TARGET_NAME)";
				SWIFT_EMIT_LOC_STRINGS = NO;
				SWIFT_VERSION = 5.0;
				TARGETED_DEVICE_FAMILY = "1,2";
				TEST_TARGET_NAME = "Mocker Demonstration App";
			};
			name = Debug;
		};
		6429FF812A0154CE00E7E5B5 /* Release */ = {
			isa = XCBuildConfiguration;
			buildSettings = {
				ALWAYS_EMBED_SWIFT_STANDARD_LIBRARIES = YES;
				CODE_SIGN_STYLE = Automatic;
				CURRENT_PROJECT_VERSION = 1;
				GENERATE_INFOPLIST_FILE = YES;
				MARKETING_VERSION = 1.0;
				PRODUCT_BUNDLE_IDENTIFIER = "com.mocker.Mocker-Demonstration-AppUITests";
				PRODUCT_NAME = "$(TARGET_NAME)";
				SWIFT_EMIT_LOC_STRINGS = NO;
				SWIFT_VERSION = 5.0;
				TARGETED_DEVICE_FAMILY = "1,2";
				TEST_TARGET_NAME = "Mocker Demonstration App";
			};
			name = Release;
		};
/* End XCBuildConfiguration section */

/* Begin XCConfigurationList section */
		6429FF4A2A0154CD00E7E5B5 /* Build configuration list for PBXProject "Mocker Demonstration App" */ = {
			isa = XCConfigurationList;
			buildConfigurations = (
				6429FF772A0154CE00E7E5B5 /* Debug */,
				6429FF782A0154CE00E7E5B5 /* Release */,
			);
			defaultConfigurationIsVisible = 0;
			defaultConfigurationName = Release;
		};
		6429FF792A0154CE00E7E5B5 /* Build configuration list for PBXNativeTarget "Mocker Demonstration App" */ = {
			isa = XCConfigurationList;
			buildConfigurations = (
				6429FF7A2A0154CE00E7E5B5 /* Debug */,
				6429FF7B2A0154CE00E7E5B5 /* Release */,
			);
			defaultConfigurationIsVisible = 0;
			defaultConfigurationName = Release;
		};
		6429FF7C2A0154CE00E7E5B5 /* Build configuration list for PBXNativeTarget "Mocker Demonstration AppTests" */ = {
			isa = XCConfigurationList;
			buildConfigurations = (
				6429FF7D2A0154CE00E7E5B5 /* Debug */,
				6429FF7E2A0154CE00E7E5B5 /* Release */,
			);
			defaultConfigurationIsVisible = 0;
			defaultConfigurationName = Release;
		};
		6429FF7F2A0154CE00E7E5B5 /* Build configuration list for PBXNativeTarget "Mocker Demonstration AppUITests" */ = {
			isa = XCConfigurationList;
			buildConfigurations = (
				6429FF802A0154CE00E7E5B5 /* Debug */,
				6429FF812A0154CE00E7E5B5 /* Release */,
			);
			defaultConfigurationIsVisible = 0;
			defaultConfigurationName = Release;
		};
/* End XCConfigurationList section */
	};
	rootObject = 6429FF472A0154CD00E7E5B5 /* Project object */;
}
